
Microsoft Visual Studio Solution File, Format Version 12.00
# Visual Studio Version 16
VisualStudioVersion = 16.0.30204.135
MinimumVisualStudioVersion = 10.0.40219.1
Project("{9A19103F-16F7-4668-BE54-9A1E7A4F7556}") = "Automation_Framework", "Automation_Framework.csproj", "{8CF3B57B-B064-47B3-AEDF-017262CD678F}"
EndProject
Project("{9A19103F-16F7-4668-BE54-9A1E7A4F7556}") = "NM_TestCase_Library", "..\NM_TestCase_Library\NM_TestCase_Library.csproj", "{47FC16CC-5E8C-4AFA-8B51-05A14DCB1501}"
EndProject
Global
	GlobalSection(SolutionConfigurationPlatforms) = preSolution
		Debug|Any CPU = Debug|Any CPU
		Release|Any CPU = Release|Any CPU
	EndGlobalSection
	GlobalSection(ProjectConfigurationPlatforms) = postSolution
		{8CF3B57B-B064-47B3-AEDF-017262CD678F}.Debug|Any CPU.ActiveCfg = Debug|Any CPU
		{8CF3B57B-B064-47B3-AEDF-017262CD678F}.Debug|Any CPU.Build.0 = Debug|Any CPU
		{8CF3B57B-B064-47B3-AEDF-017262CD678F}.Release|Any CPU.ActiveCfg = Release|Any CPU
		{8CF3B57B-B064-47B3-AEDF-017262CD678F}.Release|Any CPU.Build.0 = Release|Any CPU
		{47FC16CC-5E8C-4AFA-8B51-05A14DCB1501}.Debug|Any CPU.ActiveCfg = Debug|Any CPU
		{47FC16CC-5E8C-4AFA-8B51-05A14DCB1501}.Debug|Any CPU.Build.0 = Debug|Any CPU
		{47FC16CC-5E8C-4AFA-8B51-05A14DCB1501}.Release|Any CPU.ActiveCfg = Release|Any CPU
		{47FC16CC-5E8C-4AFA-8B51-05A14DCB1501}.Release|Any CPU.Build.0 = Release|Any CPU
	EndGlobalSection
	GlobalSection(SolutionProperties) = preSolution
		HideSolutionNode = FALSE
	EndGlobalSection
	GlobalSection(ExtensibilityGlobals) = postSolution
		SolutionGuid = {0B074C8E-DF4B-41D9-A4A9-B33E68D9A0ED}
	EndGlobalSection
EndGlobal
